// !$*UTF8*$!
{
	archiveVersion = 1;
	classes = {
	};
	objectVersion = 56;
	objects = {

/* Begin PBXBuildFile section */
		910B51EA29D2E4B800EEF1E2 /* RecentAccountCredits.swift in Sources */ = {isa = PBXBuildFile; fileRef = 910B51E929D2E4B800EEF1E2 /* RecentAccountCredits.swift */; };
		910B51EC29D2F56C00EEF1E2 /* WhatsNewView.swift in Sources */ = {isa = PBXBuildFile; fileRef = 910B51EB29D2F56C00EEF1E2 /* WhatsNewView.swift */; };
		910B51EF29D2F7DC00EEF1E2 /* What's New.xcdatamodeld in Sources */ = {isa = PBXBuildFile; fileRef = 910B51ED29D2F7DC00EEF1E2 /* What's New.xcdatamodeld */; };
		9121D7DC29EF946500BE4DF4 /* ThisPageDoesNotExist.swift in Sources */ = {isa = PBXBuildFile; fileRef = 9121D7DB29EF946500BE4DF4 /* ThisPageDoesNotExist.swift */; };
		9121D7DE29EF955600BE4DF4 /* Homepage.swift in Sources */ = {isa = PBXBuildFile; fileRef = 9121D7DD29EF955600BE4DF4 /* Homepage.swift */; };
		9121D7E029EFCA2900BE4DF4 /* LandingScreen.swift in Sources */ = {isa = PBXBuildFile; fileRef = 9121D7DF29EFCA2900BE4DF4 /* LandingScreen.swift */; };
		9121D7E429EFCB1E00BE4DF4 /* Settings.swift in Sources */ = {isa = PBXBuildFile; fileRef = 9121D7E329EFCB1E00BE4DF4 /* Settings.swift */; };
		913328AB29ED33FA00CBA0E0 /* GoalsViewViewModel.swift in Sources */ = {isa = PBXBuildFile; fileRef = 913328AA29ED33FA00CBA0E0 /* GoalsViewViewModel.swift */; };
		913B1BDC29AF1F4A002C5563 /* TransactionList.swift in Sources */ = {isa = PBXBuildFile; fileRef = 913B1BDB29AF1F4A002C5563 /* TransactionList.swift */; };
		914BFA6B29ECDC7100703A8E /* SwiftUIFontIcon in Frameworks */ = {isa = PBXBuildFile; productRef = 914BFA6A29ECDC7100703A8E /* SwiftUIFontIcon */; };
		914BFA6E29ECDC7B00703A8E /* Collections in Frameworks */ = {isa = PBXBuildFile; productRef = 914BFA6D29ECDC7B00703A8E /* Collections */; };
		914BFA7029ECDC7B00703A8E /* DequeModule in Frameworks */ = {isa = PBXBuildFile; productRef = 914BFA6F29ECDC7B00703A8E /* DequeModule */; };
		914BFA7229ECDC7B00703A8E /* OrderedCollections in Frameworks */ = {isa = PBXBuildFile; productRef = 914BFA7129ECDC7B00703A8E /* OrderedCollections */; };
		914BFA7529ECDC8300703A8E /* SwiftUICharts in Frameworks */ = {isa = PBXBuildFile; productRef = 914BFA7429ECDC8300703A8E /* SwiftUICharts */; };
		914BFA7829ECDC8A00703A8E /* SwiftPieChart in Frameworks */ = {isa = PBXBuildFile; productRef = 914BFA7729ECDC8A00703A8E /* SwiftPieChart */; };
		9178244C29AC703600CA7E87 /* Fundy_2_0App.swift in Sources */ = {isa = PBXBuildFile; fileRef = 9178244B29AC703600CA7E87 /* Fundy_2_0App.swift */; };
		9178244E29AC703600CA7E87 /* ContentView.swift in Sources */ = {isa = PBXBuildFile; fileRef = 9178244D29AC703600CA7E87 /* ContentView.swift */; };
		9178245029AC703800CA7E87 /* Assets.xcassets in Resources */ = {isa = PBXBuildFile; fileRef = 9178244F29AC703800CA7E87 /* Assets.xcassets */; };
		9178245329AC703800CA7E87 /* Preview Assets.xcassets in Resources */ = {isa = PBXBuildFile; fileRef = 9178245229AC703800CA7E87 /* Preview Assets.xcassets */; };
		9178245529AC703800CA7E87 /* Persistence.swift in Sources */ = {isa = PBXBuildFile; fileRef = 9178245429AC703800CA7E87 /* Persistence.swift */; };
		9178245829AC703800CA7E87 /* Fundy_2_0.xcdatamodeld in Sources */ = {isa = PBXBuildFile; fileRef = 9178245629AC703800CA7E87 /* Fundy_2_0.xcdatamodeld */; };
		9178246229AC703800CA7E87 /* Fundy_2_0Tests.swift in Sources */ = {isa = PBXBuildFile; fileRef = 9178246129AC703800CA7E87 /* Fundy_2_0Tests.swift */; };
		9178246C29AC703800CA7E87 /* Fundy_2_0UITests.swift in Sources */ = {isa = PBXBuildFile; fileRef = 9178246B29AC703800CA7E87 /* Fundy_2_0UITests.swift */; };
		9178246E29AC703800CA7E87 /* Fundy_2_0UITestsLaunchTests.swift in Sources */ = {isa = PBXBuildFile; fileRef = 9178246D29AC703800CA7E87 /* Fundy_2_0UITestsLaunchTests.swift */; };
		9178247B29AC71B500CA7E87 /* Extensions.swift in Sources */ = {isa = PBXBuildFile; fileRef = 9178247A29AC71B500CA7E87 /* Extensions.swift */; };
		9178247D29AC8DD800CA7E87 /* TransactionModel.swift in Sources */ = {isa = PBXBuildFile; fileRef = 9178247C29AC8DD800CA7E87 /* TransactionModel.swift */; };
		9178247F29AC8F3500CA7E87 /* PreviewData.swift in Sources */ = {isa = PBXBuildFile; fileRef = 9178247E29AC8F3500CA7E87 /* PreviewData.swift */; };
		9178248129AC901F00CA7E87 /* TransactionRow.swift in Sources */ = {isa = PBXBuildFile; fileRef = 9178248029AC901F00CA7E87 /* TransactionRow.swift */; };
		9178248629AC955500CA7E87 /* TransactionListViewModel.swift in Sources */ = {isa = PBXBuildFile; fileRef = 9178248529AC955500CA7E87 /* TransactionListViewModel.swift */; };
		9178248829AC9AA600CA7E87 /* RecentTransactionList.swift in Sources */ = {isa = PBXBuildFile; fileRef = 9178248729AC9AA600CA7E87 /* RecentTransactionList.swift */; };
		91F4110E29D290BB003FCA5B /* GoalsView.swift in Sources */ = {isa = PBXBuildFile; fileRef = 91F4110D29D290BB003FCA5B /* GoalsView.swift */; };
		91F4111029D290C7003FCA5B /* NotificationsView.swift in Sources */ = {isa = PBXBuildFile; fileRef = 91F4110F29D290C7003FCA5B /* NotificationsView.swift */; };
		91F4111229D290D0003FCA5B /* AdviceView.swift in Sources */ = {isa = PBXBuildFile; fileRef = 91F4111129D290D0003FCA5B /* AdviceView.swift */; };
		91F4111429D29D27003FCA5B /* OverviewView.swift in Sources */ = {isa = PBXBuildFile; fileRef = 91F4111329D29D27003FCA5B /* OverviewView.swift */; };
		91F4111E29D2A70E003FCA5B /* LoginScreen.swift in Sources */ = {isa = PBXBuildFile; fileRef = 91F4111D29D2A70E003FCA5B /* LoginScreen.swift */; };
		91F4112029D2AE72003FCA5B /* Launch Screen.storyboard in Resources */ = {isa = PBXBuildFile; fileRef = 91F4111F29D2AE72003FCA5B /* Launch Screen.storyboard */; };
/* End PBXBuildFile section */

/* Begin PBXContainerItemProxy section */
		9178245E29AC703800CA7E87 /* PBXContainerItemProxy */ = {
			isa = PBXContainerItemProxy;
			containerPortal = 9178244029AC703600CA7E87 /* Project object */;
			proxyType = 1;
			remoteGlobalIDString = 9178244729AC703600CA7E87;
			remoteInfo = "Fundy 2.0";
		};
		9178246829AC703800CA7E87 /* PBXContainerItemProxy */ = {
			isa = PBXContainerItemProxy;
			containerPortal = 9178244029AC703600CA7E87 /* Project object */;
			proxyType = 1;
			remoteGlobalIDString = 9178244729AC703600CA7E87;
			remoteInfo = "Fundy 2.0";
		};
/* End PBXContainerItemProxy section */

/* Begin PBXFileReference section */
		910B51E929D2E4B800EEF1E2 /* RecentAccountCredits.swift */ = {isa = PBXFileReference; lastKnownFileType = sourcecode.swift; path = RecentAccountCredits.swift; sourceTree = "<group>"; };
		910B51EB29D2F56C00EEF1E2 /* WhatsNewView.swift */ = {isa = PBXFileReference; lastKnownFileType = sourcecode.swift; path = WhatsNewView.swift; sourceTree = "<group>"; };
		910B51EE29D2F7DC00EEF1E2 /* What's New.xcdatamodel */ = {isa = PBXFileReference; lastKnownFileType = wrapper.xcdatamodel; path = "What's New.xcdatamodel"; sourceTree = "<group>"; };
		9121D7DB29EF946500BE4DF4 /* ThisPageDoesNotExist.swift */ = {isa = PBXFileReference; lastKnownFileType = sourcecode.swift; path = ThisPageDoesNotExist.swift; sourceTree = "<group>"; };
		9121D7DD29EF955600BE4DF4 /* Homepage.swift */ = {isa = PBXFileReference; lastKnownFileType = sourcecode.swift; path = Homepage.swift; sourceTree = "<group>"; };
		9121D7DF29EFCA2900BE4DF4 /* LandingScreen.swift */ = {isa = PBXFileReference; lastKnownFileType = sourcecode.swift; path = LandingScreen.swift; sourceTree = "<group>"; };
		9121D7E329EFCB1E00BE4DF4 /* Settings.swift */ = {isa = PBXFileReference; lastKnownFileType = sourcecode.swift; path = Settings.swift; sourceTree = "<group>"; };
		913328AA29ED33FA00CBA0E0 /* GoalsViewViewModel.swift */ = {isa = PBXFileReference; lastKnownFileType = sourcecode.swift; path = GoalsViewViewModel.swift; sourceTree = "<group>"; };
		913B1BDB29AF1F4A002C5563 /* TransactionList.swift */ = {isa = PBXFileReference; lastKnownFileType = sourcecode.swift; path = TransactionList.swift; sourceTree = "<group>"; };
		9178244829AC703600CA7E87 /* Fundy 2.0.app */ = {isa = PBXFileReference; explicitFileType = wrapper.application; includeInIndex = 0; path = "Fundy 2.0.app"; sourceTree = BUILT_PRODUCTS_DIR; };
		9178244B29AC703600CA7E87 /* Fundy_2_0App.swift */ = {isa = PBXFileReference; lastKnownFileType = sourcecode.swift; path = Fundy_2_0App.swift; sourceTree = "<group>"; };
		9178244D29AC703600CA7E87 /* ContentView.swift */ = {isa = PBXFileReference; lastKnownFileType = sourcecode.swift; path = ContentView.swift; sourceTree = "<group>"; };
		9178244F29AC703800CA7E87 /* Assets.xcassets */ = {isa = PBXFileReference; lastKnownFileType = folder.assetcatalog; path = Assets.xcassets; sourceTree = "<group>"; };
		9178245229AC703800CA7E87 /* Preview Assets.xcassets */ = {isa = PBXFileReference; lastKnownFileType = folder.assetcatalog; path = "Preview Assets.xcassets"; sourceTree = "<group>"; };
		9178245429AC703800CA7E87 /* Persistence.swift */ = {isa = PBXFileReference; lastKnownFileType = sourcecode.swift; path = Persistence.swift; sourceTree = "<group>"; };
		9178245729AC703800CA7E87 /* Fundy_2_0.xcdatamodel */ = {isa = PBXFileReference; lastKnownFileType = wrapper.xcdatamodel; path = Fundy_2_0.xcdatamodel; sourceTree = "<group>"; };
		9178245D29AC703800CA7E87 /* Fundy 2.0Tests.xctest */ = {isa = PBXFileReference; explicitFileType = wrapper.cfbundle; includeInIndex = 0; path = "Fundy 2.0Tests.xctest"; sourceTree = BUILT_PRODUCTS_DIR; };
		9178246129AC703800CA7E87 /* Fundy_2_0Tests.swift */ = {isa = PBXFileReference; lastKnownFileType = sourcecode.swift; path = Fundy_2_0Tests.swift; sourceTree = "<group>"; };
		9178246729AC703800CA7E87 /* Fundy 2.0UITests.xctest */ = {isa = PBXFileReference; explicitFileType = wrapper.cfbundle; includeInIndex = 0; path = "Fundy 2.0UITests.xctest"; sourceTree = BUILT_PRODUCTS_DIR; };
		9178246B29AC703800CA7E87 /* Fundy_2_0UITests.swift */ = {isa = PBXFileReference; lastKnownFileType = sourcecode.swift; path = Fundy_2_0UITests.swift; sourceTree = "<group>"; };
		9178246D29AC703800CA7E87 /* Fundy_2_0UITestsLaunchTests.swift */ = {isa = PBXFileReference; lastKnownFileType = sourcecode.swift; path = Fundy_2_0UITestsLaunchTests.swift; sourceTree = "<group>"; };
		9178247A29AC71B500CA7E87 /* Extensions.swift */ = {isa = PBXFileReference; lastKnownFileType = sourcecode.swift; path = Extensions.swift; sourceTree = "<group>"; };
		9178247C29AC8DD800CA7E87 /* TransactionModel.swift */ = {isa = PBXFileReference; lastKnownFileType = sourcecode.swift; path = TransactionModel.swift; sourceTree = "<group>"; };
		9178247E29AC8F3500CA7E87 /* PreviewData.swift */ = {isa = PBXFileReference; lastKnownFileType = sourcecode.swift; path = PreviewData.swift; sourceTree = "<group>"; };
		9178248029AC901F00CA7E87 /* TransactionRow.swift */ = {isa = PBXFileReference; lastKnownFileType = sourcecode.swift; path = TransactionRow.swift; sourceTree = "<group>"; };
		9178248529AC955500CA7E87 /* TransactionListViewModel.swift */ = {isa = PBXFileReference; lastKnownFileType = sourcecode.swift; path = TransactionListViewModel.swift; sourceTree = "<group>"; };
		9178248729AC9AA600CA7E87 /* RecentTransactionList.swift */ = {isa = PBXFileReference; lastKnownFileType = sourcecode.swift; path = RecentTransactionList.swift; sourceTree = "<group>"; };
		91F4110D29D290BB003FCA5B /* GoalsView.swift */ = {isa = PBXFileReference; lastKnownFileType = sourcecode.swift; path = GoalsView.swift; sourceTree = "<group>"; };
		91F4110F29D290C7003FCA5B /* NotificationsView.swift */ = {isa = PBXFileReference; lastKnownFileType = sourcecode.swift; path = NotificationsView.swift; sourceTree = "<group>"; };
		91F4111129D290D0003FCA5B /* AdviceView.swift */ = {isa = PBXFileReference; lastKnownFileType = sourcecode.swift; path = AdviceView.swift; sourceTree = "<group>"; };
		91F4111329D29D27003FCA5B /* OverviewView.swift */ = {isa = PBXFileReference; lastKnownFileType = sourcecode.swift; path = OverviewView.swift; sourceTree = "<group>"; };
		91F4111D29D2A70E003FCA5B /* LoginScreen.swift */ = {isa = PBXFileReference; lastKnownFileType = sourcecode.swift; path = LoginScreen.swift; sourceTree = "<group>"; };
		91F4111F29D2AE72003FCA5B /* Launch Screen.storyboard */ = {isa = PBXFileReference; lastKnownFileType = file.storyboard; path = "Launch Screen.storyboard"; sourceTree = "<group>"; };
/* End PBXFileReference section */

/* Begin PBXFrameworksBuildPhase section */
		9178244529AC703600CA7E87 /* Frameworks */ = {
			isa = PBXFrameworksBuildPhase;
			buildActionMask = 2147483647;
			files = (
				914BFA6E29ECDC7B00703A8E /* Collections in Frameworks */,
				914BFA6B29ECDC7100703A8E /* SwiftUIFontIcon in Frameworks */,
				914BFA7829ECDC8A00703A8E /* SwiftPieChart in Frameworks */,
				914BFA7229ECDC7B00703A8E /* OrderedCollections in Frameworks */,
				914BFA7029ECDC7B00703A8E /* DequeModule in Frameworks */,
				914BFA7529ECDC8300703A8E /* SwiftUICharts in Frameworks */,
			);
			runOnlyForDeploymentPostprocessing = 0;
		};
		9178245A29AC703800CA7E87 /* Frameworks */ = {
			isa = PBXFrameworksBuildPhase;
			buildActionMask = 2147483647;
			files = (
			);
			runOnlyForDeploymentPostprocessing = 0;
		};
		9178246429AC703800CA7E87 /* Frameworks */ = {
			isa = PBXFrameworksBuildPhase;
			buildActionMask = 2147483647;
			files = (
			);
			runOnlyForDeploymentPostprocessing = 0;
		};
/* End PBXFrameworksBuildPhase section */

/* Begin PBXGroup section */
		9121D7E129EFCA7200BE4DF4 /* Landing and Login Screens */ = {
			isa = PBXGroup;
			children = (
				910B51EB29D2F56C00EEF1E2 /* WhatsNewView.swift */,
				9121D7DF29EFCA2900BE4DF4 /* LandingScreen.swift */,
				91F4111D29D2A70E003FCA5B /* LoginScreen.swift */,
			);
			path = "Landing and Login Screens";
			sourceTree = "<group>";
		};
		9121D7E229EFCAC700BE4DF4 /* Logic and Data Handling */ = {
			isa = PBXGroup;
			children = (
				9178248529AC955500CA7E87 /* TransactionListViewModel.swift */,
				9178247C29AC8DD800CA7E87 /* TransactionModel.swift */,
				913328AA29ED33FA00CBA0E0 /* GoalsViewViewModel.swift */,
				9178247A29AC71B500CA7E87 /* Extensions.swift */,
			);
			path = "Logic and Data Handling";
			sourceTree = "<group>";
		};
		9121D7E529EFCB5C00BE4DF4 /* Other Pages */ = {
			isa = PBXGroup;
			children = (
				9178244D29AC703600CA7E87 /* ContentView.swift */,
				910B51E929D2E4B800EEF1E2 /* RecentAccountCredits.swift */,
				9178248029AC901F00CA7E87 /* TransactionRow.swift */,
				913B1BDB29AF1F4A002C5563 /* TransactionList.swift */,
				9178248729AC9AA600CA7E87 /* RecentTransactionList.swift */,
				9121D7DB29EF946500BE4DF4 /* ThisPageDoesNotExist.swift */,
			);
			path = "Other Pages";
			sourceTree = "<group>";
		};
		9178243F29AC703600CA7E87 = {
			isa = PBXGroup;
			children = (
				91E31B4F29D3E4720049C54D /* Packages */,
				910B51ED29D2F7DC00EEF1E2 /* What's New.xcdatamodeld */,
				9178244A29AC703600CA7E87 /* Fundy 2.0 */,
				9178246029AC703800CA7E87 /* Fundy 2.0Tests */,
				9178246A29AC703800CA7E87 /* Fundy 2.0UITests */,
				9178244929AC703600CA7E87 /* Products */,
			);
			sourceTree = "<group>";
		};
		9178244929AC703600CA7E87 /* Products */ = {
			isa = PBXGroup;
			children = (
				9178244829AC703600CA7E87 /* Fundy 2.0.app */,
				9178245D29AC703800CA7E87 /* Fundy 2.0Tests.xctest */,
				9178246729AC703800CA7E87 /* Fundy 2.0UITests.xctest */,
			);
			name = Products;
			sourceTree = "<group>";
		};
		9178244A29AC703600CA7E87 /* Fundy 2.0 */ = {
			isa = PBXGroup;
			children = (
				9178244B29AC703600CA7E87 /* Fundy_2_0App.swift */,
				9121D7E129EFCA7200BE4DF4 /* Landing and Login Screens */,
				91F4110C29D2906A003FCA5B /* Navigation Bar Pages */,
				9121D7E529EFCB5C00BE4DF4 /* Other Pages */,
				9121D7E229EFCAC700BE4DF4 /* Logic and Data Handling */,
				9178244F29AC703800CA7E87 /* Assets.xcassets */,
				9178245429AC703800CA7E87 /* Persistence.swift */,
				9178245629AC703800CA7E87 /* Fundy_2_0.xcdatamodeld */,
				9178245129AC703800CA7E87 /* Preview Content */,
				91F4111F29D2AE72003FCA5B /* Launch Screen.storyboard */,
			);
			path = "Fundy 2.0";
			sourceTree = "<group>";
		};
		9178245129AC703800CA7E87 /* Preview Content */ = {
			isa = PBXGroup;
			children = (
				9178245229AC703800CA7E87 /* Preview Assets.xcassets */,
				9178247E29AC8F3500CA7E87 /* PreviewData.swift */,
			);
			path = "Preview Content";
			sourceTree = "<group>";
		};
		9178246029AC703800CA7E87 /* Fundy 2.0Tests */ = {
			isa = PBXGroup;
			children = (
				9178246129AC703800CA7E87 /* Fundy_2_0Tests.swift */,
			);
			path = "Fundy 2.0Tests";
			sourceTree = "<group>";
		};
		9178246A29AC703800CA7E87 /* Fundy 2.0UITests */ = {
			isa = PBXGroup;
			children = (
				9178246B29AC703800CA7E87 /* Fundy_2_0UITests.swift */,
				9178246D29AC703800CA7E87 /* Fundy_2_0UITestsLaunchTests.swift */,
			);
			path = "Fundy 2.0UITests";
			sourceTree = "<group>";
		};
		91E31B4F29D3E4720049C54D /* Packages */ = {
			isa = PBXGroup;
			children = (
			);
			name = Packages;
			sourceTree = "<group>";
		};
		91F4110C29D2906A003FCA5B /* Navigation Bar Pages */ = {
			isa = PBXGroup;
			children = (
				9121D7DD29EF955600BE4DF4 /* Homepage.swift */,
				91F4111329D29D27003FCA5B /* OverviewView.swift */,
				91F4110D29D290BB003FCA5B /* GoalsView.swift */,
				91F4111129D290D0003FCA5B /* AdviceView.swift */,
				9121D7E329EFCB1E00BE4DF4 /* Settings.swift */,
				91F4110F29D290C7003FCA5B /* NotificationsView.swift */,
			);
			path = "Navigation Bar Pages";
			sourceTree = "<group>";
		};
/* End PBXGroup section */

/* Begin PBXNativeTarget section */
		9178244729AC703600CA7E87 /* Fundy 2.0 */ = {
			isa = PBXNativeTarget;
			buildConfigurationList = 9178247129AC703800CA7E87 /* Build configuration list for PBXNativeTarget "Fundy 2.0" */;
			buildPhases = (
				9178244429AC703600CA7E87 /* Sources */,
				9178244529AC703600CA7E87 /* Frameworks */,
				9178244629AC703600CA7E87 /* Resources */,
			);
			buildRules = (
			);
			dependencies = (
			);
			name = "Fundy 2.0";
			packageProductDependencies = (
				914BFA6A29ECDC7100703A8E /* SwiftUIFontIcon */,
				914BFA6D29ECDC7B00703A8E /* Collections */,
				914BFA6F29ECDC7B00703A8E /* DequeModule */,
				914BFA7129ECDC7B00703A8E /* OrderedCollections */,
				914BFA7429ECDC8300703A8E /* SwiftUICharts */,
				914BFA7729ECDC8A00703A8E /* SwiftPieChart */,
			);
			productName = "Fundy 2.0";
			productReference = 9178244829AC703600CA7E87 /* Fundy 2.0.app */;
			productType = "com.apple.product-type.application";
		};
		9178245C29AC703800CA7E87 /* Fundy 2.0Tests */ = {
			isa = PBXNativeTarget;
			buildConfigurationList = 9178247429AC703800CA7E87 /* Build configuration list for PBXNativeTarget "Fundy 2.0Tests" */;
			buildPhases = (
				9178245929AC703800CA7E87 /* Sources */,
				9178245A29AC703800CA7E87 /* Frameworks */,
				9178245B29AC703800CA7E87 /* Resources */,
			);
			buildRules = (
			);
			dependencies = (
				9178245F29AC703800CA7E87 /* PBXTargetDependency */,
			);
			name = "Fundy 2.0Tests";
			productName = "Fundy 2.0Tests";
			productReference = 9178245D29AC703800CA7E87 /* Fundy 2.0Tests.xctest */;
			productType = "com.apple.product-type.bundle.unit-test";
		};
		9178246629AC703800CA7E87 /* Fundy 2.0UITests */ = {
			isa = PBXNativeTarget;
			buildConfigurationList = 9178247729AC703800CA7E87 /* Build configuration list for PBXNativeTarget "Fundy 2.0UITests" */;
			buildPhases = (
				9178246329AC703800CA7E87 /* Sources */,
				9178246429AC703800CA7E87 /* Frameworks */,
				9178246529AC703800CA7E87 /* Resources */,
			);
			buildRules = (
			);
			dependencies = (
				9178246929AC703800CA7E87 /* PBXTargetDependency */,
			);
			name = "Fundy 2.0UITests";
			productName = "Fundy 2.0UITests";
			productReference = 9178246729AC703800CA7E87 /* Fundy 2.0UITests.xctest */;
			productType = "com.apple.product-type.bundle.ui-testing";
		};
/* End PBXNativeTarget section */

/* Begin PBXProject section */
		9178244029AC703600CA7E87 /* Project object */ = {
			isa = PBXProject;
			attributes = {
				BuildIndependentTargetsInParallel = 1;
				LastSwiftUpdateCheck = 1420;
				LastUpgradeCheck = 1420;
				TargetAttributes = {
					9178244729AC703600CA7E87 = {
						CreatedOnToolsVersion = 14.2;
					};
					9178245C29AC703800CA7E87 = {
						CreatedOnToolsVersion = 14.2;
						TestTargetID = 9178244729AC703600CA7E87;
					};
					9178246629AC703800CA7E87 = {
						CreatedOnToolsVersion = 14.2;
						TestTargetID = 9178244729AC703600CA7E87;
					};
				};
			};
			buildConfigurationList = 9178244329AC703600CA7E87 /* Build configuration list for PBXProject "Fundy 2.0" */;
			compatibilityVersion = "Xcode 14.0";
			developmentRegion = en;
			hasScannedForEncodings = 0;
			knownRegions = (
				en,
				Base,
			);
			mainGroup = 9178243F29AC703600CA7E87;
			packageReferences = (
				914BFA6929ECDC7100703A8E /* XCRemoteSwiftPackageReference "SwiftUIFontIcon" */,
				914BFA6C29ECDC7B00703A8E /* XCRemoteSwiftPackageReference "swift-collections" */,
				914BFA7329ECDC8300703A8E /* XCRemoteSwiftPackageReference "ChartView" */,
				914BFA7629ECDC8A00703A8E /* XCRemoteSwiftPackageReference "SwiftPieChart" */,
			);
			productRefGroup = 9178244929AC703600CA7E87 /* Products */;
			projectDirPath = "";
			projectRoot = "";
			targets = (
				9178244729AC703600CA7E87 /* Fundy 2.0 */,
				9178245C29AC703800CA7E87 /* Fundy 2.0Tests */,
				9178246629AC703800CA7E87 /* Fundy 2.0UITests */,
			);
		};
/* End PBXProject section */

/* Begin PBXResourcesBuildPhase section */
		9178244629AC703600CA7E87 /* Resources */ = {
			isa = PBXResourcesBuildPhase;
			buildActionMask = 2147483647;
			files = (
				91F4112029D2AE72003FCA5B /* Launch Screen.storyboard in Resources */,
				9178245329AC703800CA7E87 /* Preview Assets.xcassets in Resources */,
				9178245029AC703800CA7E87 /* Assets.xcassets in Resources */,
			);
			runOnlyForDeploymentPostprocessing = 0;
		};
		9178245B29AC703800CA7E87 /* Resources */ = {
			isa = PBXResourcesBuildPhase;
			buildActionMask = 2147483647;
			files = (
			);
			runOnlyForDeploymentPostprocessing = 0;
		};
		9178246529AC703800CA7E87 /* Resources */ = {
			isa = PBXResourcesBuildPhase;
			buildActionMask = 2147483647;
			files = (
			);
			runOnlyForDeploymentPostprocessing = 0;
		};
/* End PBXResourcesBuildPhase section */

/* Begin PBXSourcesBuildPhase section */
		9178244429AC703600CA7E87 /* Sources */ = {
			isa = PBXSourcesBuildPhase;
			buildActionMask = 2147483647;
			files = (
				913328AB29ED33FA00CBA0E0 /* GoalsViewViewModel.swift in Sources */,
				9178247D29AC8DD800CA7E87 /* TransactionModel.swift in Sources */,
				9178247B29AC71B500CA7E87 /* Extensions.swift in Sources */,
				9178245829AC703800CA7E87 /* Fundy_2_0.xcdatamodeld in Sources */,
				91F4110E29D290BB003FCA5B /* GoalsView.swift in Sources */,
				910B51EF29D2F7DC00EEF1E2 /* What's New.xcdatamodeld in Sources */,
				9178245529AC703800CA7E87 /* Persistence.swift in Sources */,
				9121D7DE29EF955600BE4DF4 /* Homepage.swift in Sources */,
				910B51EC29D2F56C00EEF1E2 /* WhatsNewView.swift in Sources */,
				913B1BDC29AF1F4A002C5563 /* TransactionList.swift in Sources */,
				910B51EA29D2E4B800EEF1E2 /* RecentAccountCredits.swift in Sources */,
				91F4111E29D2A70E003FCA5B /* LoginScreen.swift in Sources */,
				91F4111229D290D0003FCA5B /* AdviceView.swift in Sources */,
				9121D7E029EFCA2900BE4DF4 /* LandingScreen.swift in Sources */,
				9178248629AC955500CA7E87 /* TransactionListViewModel.swift in Sources */,
				9178247F29AC8F3500CA7E87 /* PreviewData.swift in Sources */,
				9178248129AC901F00CA7E87 /* TransactionRow.swift in Sources */,
				9178244E29AC703600CA7E87 /* ContentView.swift in Sources */,
				9121D7E429EFCB1E00BE4DF4 /* Settings.swift in Sources */,
				9121D7DC29EF946500BE4DF4 /* ThisPageDoesNotExist.swift in Sources */,
				91F4111029D290C7003FCA5B /* NotificationsView.swift in Sources */,
				9178244C29AC703600CA7E87 /* Fundy_2_0App.swift in Sources */,
				91F4111429D29D27003FCA5B /* OverviewView.swift in Sources */,
				9178248829AC9AA600CA7E87 /* RecentTransactionList.swift in Sources */,
			);
			runOnlyForDeploymentPostprocessing = 0;
		};
		9178245929AC703800CA7E87 /* Sources */ = {
			isa = PBXSourcesBuildPhase;
			buildActionMask = 2147483647;
			files = (
				9178246229AC703800CA7E87 /* Fundy_2_0Tests.swift in Sources */,
			);
			runOnlyForDeploymentPostprocessing = 0;
		};
		9178246329AC703800CA7E87 /* Sources */ = {
			isa = PBXSourcesBuildPhase;
			buildActionMask = 2147483647;
			files = (
				9178246C29AC703800CA7E87 /* Fundy_2_0UITests.swift in Sources */,
				9178246E29AC703800CA7E87 /* Fundy_2_0UITestsLaunchTests.swift in Sources */,
			);
			runOnlyForDeploymentPostprocessing = 0;
		};
/* End PBXSourcesBuildPhase section */

/* Begin PBXTargetDependency section */
		9178245F29AC703800CA7E87 /* PBXTargetDependency */ = {
			isa = PBXTargetDependency;
			target = 9178244729AC703600CA7E87 /* Fundy 2.0 */;
			targetProxy = 9178245E29AC703800CA7E87 /* PBXContainerItemProxy */;
		};
		9178246929AC703800CA7E87 /* PBXTargetDependency */ = {
			isa = PBXTargetDependency;
			target = 9178244729AC703600CA7E87 /* Fundy 2.0 */;
			targetProxy = 9178246829AC703800CA7E87 /* PBXContainerItemProxy */;
		};
/* End PBXTargetDependency section */

/* Begin XCBuildConfiguration section */
		9178246F29AC703800CA7E87 /* Debug */ = {
			isa = XCBuildConfiguration;
			buildSettings = {
				ALWAYS_SEARCH_USER_PATHS = NO;
				CLANG_ANALYZER_NONNULL = YES;
				CLANG_ANALYZER_NUMBER_OBJECT_CONVERSION = YES_AGGRESSIVE;
				CLANG_CXX_LANGUAGE_STANDARD = "gnu++20";
				CLANG_ENABLE_MODULES = YES;
				CLANG_ENABLE_OBJC_ARC = YES;
				CLANG_ENABLE_OBJC_WEAK = YES;
				CLANG_WARN_BLOCK_CAPTURE_AUTORELEASING = YES;
				CLANG_WARN_BOOL_CONVERSION = YES;
				CLANG_WARN_COMMA = YES;
				CLANG_WARN_CONSTANT_CONVERSION = YES;
				CLANG_WARN_DEPRECATED_OBJC_IMPLEMENTATIONS = YES;
				CLANG_WARN_DIRECT_OBJC_ISA_USAGE = YES_ERROR;
				CLANG_WARN_DOCUMENTATION_COMMENTS = YES;
				CLANG_WARN_EMPTY_BODY = YES;
				CLANG_WARN_ENUM_CONVERSION = YES;
				CLANG_WARN_INFINITE_RECURSION = YES;
				CLANG_WARN_INT_CONVERSION = YES;
				CLANG_WARN_NON_LITERAL_NULL_CONVERSION = YES;
				CLANG_WARN_OBJC_IMPLICIT_RETAIN_SELF = YES;
				CLANG_WARN_OBJC_LITERAL_CONVERSION = YES;
				CLANG_WARN_OBJC_ROOT_CLASS = YES_ERROR;
				CLANG_WARN_QUOTED_INCLUDE_IN_FRAMEWORK_HEADER = YES;
				CLANG_WARN_RANGE_LOOP_ANALYSIS = YES;
				CLANG_WARN_STRICT_PROTOTYPES = YES;
				CLANG_WARN_SUSPICIOUS_MOVE = YES;
				CLANG_WARN_UNGUARDED_AVAILABILITY = YES_AGGRESSIVE;
				CLANG_WARN_UNREACHABLE_CODE = YES;
				CLANG_WARN__DUPLICATE_METHOD_MATCH = YES;
				COPY_PHASE_STRIP = NO;
				DEBUG_INFORMATION_FORMAT = dwarf;
				ENABLE_STRICT_OBJC_MSGSEND = YES;
				ENABLE_TESTABILITY = YES;
				GCC_C_LANGUAGE_STANDARD = gnu11;
				GCC_DYNAMIC_NO_PIC = NO;
				GCC_NO_COMMON_BLOCKS = YES;
				GCC_OPTIMIZATION_LEVEL = 0;
				GCC_PREPROCESSOR_DEFINITIONS = (
					"DEBUG=1",
					"$(inherited)",
				);
				GCC_WARN_64_TO_32_BIT_CONVERSION = YES;
				GCC_WARN_ABOUT_RETURN_TYPE = YES_ERROR;
				GCC_WARN_UNDECLARED_SELECTOR = YES;
				GCC_WARN_UNINITIALIZED_AUTOS = YES_AGGRESSIVE;
				GCC_WARN_UNUSED_FUNCTION = YES;
				GCC_WARN_UNUSED_VARIABLE = YES;
				IPHONEOS_DEPLOYMENT_TARGET = 16.1;
				MTL_ENABLE_DEBUG_INFO = INCLUDE_SOURCE;
				MTL_FAST_MATH = YES;
				ONLY_ACTIVE_ARCH = YES;
				SDKROOT = iphoneos;
				SWIFT_ACTIVE_COMPILATION_CONDITIONS = DEBUG;
				SWIFT_OPTIMIZATION_LEVEL = "-Onone";
			};
			name = Debug;
		};
		9178247029AC703800CA7E87 /* Release */ = {
			isa = XCBuildConfiguration;
			buildSettings = {
				ALWAYS_SEARCH_USER_PATHS = NO;
				CLANG_ANALYZER_NONNULL = YES;
				CLANG_ANALYZER_NUMBER_OBJECT_CONVERSION = YES_AGGRESSIVE;
				CLANG_CXX_LANGUAGE_STANDARD = "gnu++20";
				CLANG_ENABLE_MODULES = YES;
				CLANG_ENABLE_OBJC_ARC = YES;
				CLANG_ENABLE_OBJC_WEAK = YES;
				CLANG_WARN_BLOCK_CAPTURE_AUTORELEASING = YES;
				CLANG_WARN_BOOL_CONVERSION = YES;
				CLANG_WARN_COMMA = YES;
				CLANG_WARN_CONSTANT_CONVERSION = YES;
				CLANG_WARN_DEPRECATED_OBJC_IMPLEMENTATIONS = YES;
				CLANG_WARN_DIRECT_OBJC_ISA_USAGE = YES_ERROR;
				CLANG_WARN_DOCUMENTATION_COMMENTS = YES;
				CLANG_WARN_EMPTY_BODY = YES;
				CLANG_WARN_ENUM_CONVERSION = YES;
				CLANG_WARN_INFINITE_RECURSION = YES;
				CLANG_WARN_INT_CONVERSION = YES;
				CLANG_WARN_NON_LITERAL_NULL_CONVERSION = YES;
				CLANG_WARN_OBJC_IMPLICIT_RETAIN_SELF = YES;
				CLANG_WARN_OBJC_LITERAL_CONVERSION = YES;
				CLANG_WARN_OBJC_ROOT_CLASS = YES_ERROR;
				CLANG_WARN_QUOTED_INCLUDE_IN_FRAMEWORK_HEADER = YES;
				CLANG_WARN_RANGE_LOOP_ANALYSIS = YES;
				CLANG_WARN_STRICT_PROTOTYPES = YES;
				CLANG_WARN_SUSPICIOUS_MOVE = YES;
				CLANG_WARN_UNGUARDED_AVAILABILITY = YES_AGGRESSIVE;
				CLANG_WARN_UNREACHABLE_CODE = YES;
				CLANG_WARN__DUPLICATE_METHOD_MATCH = YES;
				COPY_PHASE_STRIP = NO;
				DEBUG_INFORMATION_FORMAT = "dwarf-with-dsym";
				ENABLE_NS_ASSERTIONS = NO;
				ENABLE_STRICT_OBJC_MSGSEND = YES;
				GCC_C_LANGUAGE_STANDARD = gnu11;
				GCC_NO_COMMON_BLOCKS = YES;
				GCC_WARN_64_TO_32_BIT_CONVERSION = YES;
				GCC_WARN_ABOUT_RETURN_TYPE = YES_ERROR;
				GCC_WARN_UNDECLARED_SELECTOR = YES;
				GCC_WARN_UNINITIALIZED_AUTOS = YES_AGGRESSIVE;
				GCC_WARN_UNUSED_FUNCTION = YES;
				GCC_WARN_UNUSED_VARIABLE = YES;
				IPHONEOS_DEPLOYMENT_TARGET = 16.1;
				MTL_ENABLE_DEBUG_INFO = NO;
				MTL_FAST_MATH = YES;
				SDKROOT = iphoneos;
				SWIFT_COMPILATION_MODE = wholemodule;
				SWIFT_OPTIMIZATION_LEVEL = "-O";
				VALIDATE_PRODUCT = YES;
			};
			name = Release;
		};
		9178247229AC703800CA7E87 /* Debug */ = {
			isa = XCBuildConfiguration;
			buildSettings = {
				ASSETCATALOG_COMPILER_APPICON_NAME = AppIcon;
				ASSETCATALOG_COMPILER_GLOBAL_ACCENT_COLOR_NAME = AccentColor;
				ASSETCATALOG_COMPILER_INCLUDE_ALL_APPICON_ASSETS = YES;
				CODE_SIGN_STYLE = Automatic;
				CURRENT_PROJECT_VERSION = 1;
				DEVELOPMENT_ASSET_PATHS = "\"Fundy 2.0/Preview Content\"";
				DEVELOPMENT_TEAM = VG3VPTDUH4;
				ENABLE_PREVIEWS = YES;
				GENERATE_INFOPLIST_FILE = YES;
				INFOPLIST_KEY_UIApplicationSceneManifest_Generation = YES;
				INFOPLIST_KEY_UIApplicationSupportsIndirectInputEvents = YES;
				INFOPLIST_KEY_UILaunchScreen_Generation = YES;
				INFOPLIST_KEY_UILaunchStoryboardName = "Launch Screen.storyboard";
				INFOPLIST_KEY_UIStatusBarStyle = "";
				INFOPLIST_KEY_UISupportedInterfaceOrientations = UIInterfaceOrientationPortrait;
				LD_RUNPATH_SEARCH_PATHS = (
					"$(inherited)",
					"@executable_path/Frameworks",
				);
				MARKETING_VERSION = 1.0;
				PRODUCT_BUNDLE_IDENTIFIER = "test.Fundy-2-0";
				PRODUCT_NAME = "$(TARGET_NAME)";
				SWIFT_EMIT_LOC_STRINGS = YES;
				SWIFT_VERSION = 5.0;
				TARGETED_DEVICE_FAMILY = "1,2";
			};
			name = Debug;
		};
		9178247329AC703800CA7E87 /* Release */ = {
			isa = XCBuildConfiguration;
			buildSettings = {
				ASSETCATALOG_COMPILER_APPICON_NAME = AppIcon;
				ASSETCATALOG_COMPILER_GLOBAL_ACCENT_COLOR_NAME = AccentColor;
				ASSETCATALOG_COMPILER_INCLUDE_ALL_APPICON_ASSETS = YES;
				CODE_SIGN_STYLE = Automatic;
				CURRENT_PROJECT_VERSION = 1;
				DEVELOPMENT_ASSET_PATHS = "\"Fundy 2.0/Preview Content\"";
				DEVELOPMENT_TEAM = VG3VPTDUH4;
				ENABLE_PREVIEWS = YES;
				GENERATE_INFOPLIST_FILE = YES;
				INFOPLIST_KEY_UIApplicationSceneManifest_Generation = YES;
				INFOPLIST_KEY_UIApplicationSupportsIndirectInputEvents = YES;
				INFOPLIST_KEY_UILaunchScreen_Generation = YES;
				INFOPLIST_KEY_UILaunchStoryboardName = "Launch Screen.storyboard";
				INFOPLIST_KEY_UIStatusBarStyle = "";
				INFOPLIST_KEY_UISupportedInterfaceOrientations = UIInterfaceOrientationPortrait;
				LD_RUNPATH_SEARCH_PATHS = (
					"$(inherited)",
					"@executable_path/Frameworks",
				);
				MARKETING_VERSION = 1.0;
				PRODUCT_BUNDLE_IDENTIFIER = "test.Fundy-2-0";
				PRODUCT_NAME = "$(TARGET_NAME)";
				SWIFT_EMIT_LOC_STRINGS = YES;
				SWIFT_VERSION = 5.0;
				TARGETED_DEVICE_FAMILY = "1,2";
			};
			name = Release;
		};
		9178247529AC703800CA7E87 /* Debug */ = {
			isa = XCBuildConfiguration;
			buildSettings = {
				ALWAYS_EMBED_SWIFT_STANDARD_LIBRARIES = YES;
				BUNDLE_LOADER = "$(TEST_HOST)";
				CODE_SIGN_STYLE = Automatic;
				CURRENT_PROJECT_VERSION = 1;
				DEVELOPMENT_TEAM = VG3VPTDUH4;
				GENERATE_INFOPLIST_FILE = YES;
				IPHONEOS_DEPLOYMENT_TARGET = 16.2;
				MARKETING_VERSION = 1.0;
				PRODUCT_BUNDLE_IDENTIFIER = "test.Fundy-2-0Tests";
				PRODUCT_NAME = "$(TARGET_NAME)";
				SWIFT_EMIT_LOC_STRINGS = NO;
				SWIFT_VERSION = 5.0;
				TARGETED_DEVICE_FAMILY = "1,2";
				TEST_HOST = "$(BUILT_PRODUCTS_DIR)/Fundy 2.0.app/$(BUNDLE_EXECUTABLE_FOLDER_PATH)/Fundy 2.0";
			};
			name = Debug;
		};
		9178247629AC703800CA7E87 /* Release */ = {
			isa = XCBuildConfiguration;
			buildSettings = {
				ALWAYS_EMBED_SWIFT_STANDARD_LIBRARIES = YES;
				BUNDLE_LOADER = "$(TEST_HOST)";
				CODE_SIGN_STYLE = Automatic;
				CURRENT_PROJECT_VERSION = 1;
				DEVELOPMENT_TEAM = VG3VPTDUH4;
				GENERATE_INFOPLIST_FILE = YES;
				IPHONEOS_DEPLOYMENT_TARGET = 16.2;
				MARKETING_VERSION = 1.0;
				PRODUCT_BUNDLE_IDENTIFIER = "test.Fundy-2-0Tests";
				PRODUCT_NAME = "$(TARGET_NAME)";
				SWIFT_EMIT_LOC_STRINGS = NO;
				SWIFT_VERSION = 5.0;
				TARGETED_DEVICE_FAMILY = "1,2";
				TEST_HOST = "$(BUILT_PRODUCTS_DIR)/Fundy 2.0.app/$(BUNDLE_EXECUTABLE_FOLDER_PATH)/Fundy 2.0";
			};
			name = Release;
		};
		9178247829AC703800CA7E87 /* Debug */ = {
			isa = XCBuildConfiguration;
			buildSettings = {
				ALWAYS_EMBED_SWIFT_STANDARD_LIBRARIES = YES;
				CODE_SIGN_STYLE = Automatic;
				CURRENT_PROJECT_VERSION = 1;
				DEVELOPMENT_TEAM = VG3VPTDUH4;
				GENERATE_INFOPLIST_FILE = YES;
				MARKETING_VERSION = 1.0;
				PRODUCT_BUNDLE_IDENTIFIER = "test.Fundy-2-0UITests";
				PRODUCT_NAME = "$(TARGET_NAME)";
				SWIFT_EMIT_LOC_STRINGS = NO;
				SWIFT_VERSION = 5.0;
				TARGETED_DEVICE_FAMILY = "1,2";
				TEST_TARGET_NAME = "Fundy 2.0";
			};
			name = Debug;
		};
		9178247929AC703800CA7E87 /* Release */ = {
			isa = XCBuildConfiguration;
			buildSettings = {
				ALWAYS_EMBED_SWIFT_STANDARD_LIBRARIES = YES;
				CODE_SIGN_STYLE = Automatic;
				CURRENT_PROJECT_VERSION = 1;
				DEVELOPMENT_TEAM = VG3VPTDUH4;
				GENERATE_INFOPLIST_FILE = YES;
				MARKETING_VERSION = 1.0;
				PRODUCT_BUNDLE_IDENTIFIER = "test.Fundy-2-0UITests";
				PRODUCT_NAME = "$(TARGET_NAME)";
				SWIFT_EMIT_LOC_STRINGS = NO;
				SWIFT_VERSION = 5.0;
				TARGETED_DEVICE_FAMILY = "1,2";
				TEST_TARGET_NAME = "Fundy 2.0";
			};
			name = Release;
		};
/* End XCBuildConfiguration section */

/* Begin XCConfigurationList section */
		9178244329AC703600CA7E87 /* Build configuration list for PBXProject "Fundy 2.0" */ = {
			isa = XCConfigurationList;
			buildConfigurations = (
				9178246F29AC703800CA7E87 /* Debug */,
				9178247029AC703800CA7E87 /* Release */,
			);
			defaultConfigurationIsVisible = 0;
			defaultConfigurationName = Release;
		};
		9178247129AC703800CA7E87 /* Build configuration list for PBXNativeTarget "Fundy 2.0" */ = {
			isa = XCConfigurationList;
			buildConfigurations = (
				9178247229AC703800CA7E87 /* Debug */,
				9178247329AC703800CA7E87 /* Release */,
			);
			defaultConfigurationIsVisible = 0;
			defaultConfigurationName = Release;
		};
		9178247429AC703800CA7E87 /* Build configuration list for PBXNativeTarget "Fundy 2.0Tests" */ = {
			isa = XCConfigurationList;
			buildConfigurations = (
				9178247529AC703800CA7E87 /* Debug */,
				9178247629AC703800CA7E87 /* Release */,
			);
			defaultConfigurationIsVisible = 0;
			defaultConfigurationName = Release;
		};
		9178247729AC703800CA7E87 /* Build configuration list for PBXNativeTarget "Fundy 2.0UITests" */ = {
			isa = XCConfigurationList;
			buildConfigurations = (
				9178247829AC703800CA7E87 /* Debug */,
				9178247929AC703800CA7E87 /* Release */,
			);
			defaultConfigurationIsVisible = 0;
			defaultConfigurationName = Release;
		};
/* End XCConfigurationList section */

/* Begin XCRemoteSwiftPackageReference section */
		914BFA6929ECDC7100703A8E /* XCRemoteSwiftPackageReference "SwiftUIFontIcon" */ = {
			isa = XCRemoteSwiftPackageReference;
			repositoryURL = "https://github.com/huybuidac/SwiftUIFontIcon";
			requirement = {
				kind = upToNextMajorVersion;
				minimumVersion = 2.0.0;
			};
		};
		914BFA6C29ECDC7B00703A8E /* XCRemoteSwiftPackageReference "swift-collections" */ = {
			isa = XCRemoteSwiftPackageReference;
			repositoryURL = "https://github.com/apple/swift-collections.git";
			requirement = {
				kind = upToNextMajorVersion;
				minimumVersion = 1.0.0;
			};
		};
		914BFA7329ECDC8300703A8E /* XCRemoteSwiftPackageReference "ChartView" */ = {
			isa = XCRemoteSwiftPackageReference;
			repositoryURL = "https://github.com/AppPear/ChartView";
			requirement = {
				kind = upToNextMajorVersion;
				minimumVersion = 1.0.0;
			};
		};
		914BFA7629ECDC8A00703A8E /* XCRemoteSwiftPackageReference "SwiftPieChart" */ = {
			isa = XCRemoteSwiftPackageReference;
			repositoryURL = "https://github.com/ilamanov/SwiftPieChart";
			requirement = {
				kind = upToNextMajorVersion;
				minimumVersion = 1.0.0;
			};
		};
/* End XCRemoteSwiftPackageReference section */

/* Begin XCSwiftPackageProductDependency section */
		914BFA6A29ECDC7100703A8E /* SwiftUIFontIcon */ = {
			isa = XCSwiftPackageProductDependency;
			package = 914BFA6929ECDC7100703A8E /* XCRemoteSwiftPackageReference "SwiftUIFontIcon" */;
			productName = SwiftUIFontIcon;
		};
		914BFA6D29ECDC7B00703A8E /* Collections */ = {
			isa = XCSwiftPackageProductDependency;
			package = 914BFA6C29ECDC7B00703A8E /* XCRemoteSwiftPackageReference "swift-collections" */;
			productName = Collections;
		};
		914BFA6F29ECDC7B00703A8E /* DequeModule */ = {
			isa = XCSwiftPackageProductDependency;
			package = 914BFA6C29ECDC7B00703A8E /* XCRemoteSwiftPackageReference "swift-collections" */;
			productName = DequeModule;
		};
		914BFA7129ECDC7B00703A8E /* OrderedCollections */ = {
			isa = XCSwiftPackageProductDependency;
			package = 914BFA6C29ECDC7B00703A8E /* XCRemoteSwiftPackageReference "swift-collections" */;
			productName = OrderedCollections;
		};
		914BFA7429ECDC8300703A8E /* SwiftUICharts */ = {
			isa = XCSwiftPackageProductDependency;
			package = 914BFA7329ECDC8300703A8E /* XCRemoteSwiftPackageReference "ChartView" */;
			productName = SwiftUICharts;
		};
		914BFA7729ECDC8A00703A8E /* SwiftPieChart */ = {
			isa = XCSwiftPackageProductDependency;
			package = 914BFA7629ECDC8A00703A8E /* XCRemoteSwiftPackageReference "SwiftPieChart" */;
			productName = SwiftPieChart;
		};
/* End XCSwiftPackageProductDependency section */

/* Begin XCVersionGroup section */
		910B51ED29D2F7DC00EEF1E2 /* What's New.xcdatamodeld */ = {
			isa = XCVersionGroup;
			children = (
				910B51EE29D2F7DC00EEF1E2 /* What's New.xcdatamodel */,
			);
			currentVersion = 910B51EE29D2F7DC00EEF1E2 /* What's New.xcdatamodel */;
			path = "What's New.xcdatamodeld";
			sourceTree = "<group>";
			versionGroupType = wrapper.xcdatamodel;
		};
		9178245629AC703800CA7E87 /* Fundy_2_0.xcdatamodeld */ = {
			isa = XCVersionGroup;
			children = (
				9178245729AC703800CA7E87 /* Fundy_2_0.xcdatamodel */,
			);
			currentVersion = 9178245729AC703800CA7E87 /* Fundy_2_0.xcdatamodel */;
			path = Fundy_2_0.xcdatamodeld;
			sourceTree = "<group>";
			versionGroupType = wrapper.xcdatamodel;
		};
/* End XCVersionGroup section */
	};
	rootObject = 9178244029AC703600CA7E87 /* Project object */;
}
