// !$*UTF8*$!
{
	archiveVersion = 1;
	classes = {
	};
	objectVersion = 56;
	objects = {

/* Begin PBXBuildFile section */
		9178244C29AC703600CA7E87 /* Fundy_2_0App.swift in Sources */ = {isa = PBXBuildFile; fileRef = 9178244B29AC703600CA7E87 /* Fundy_2_0App.swift */; };
		9178244E29AC703600CA7E87 /* ContentView.swift in Sources */ = {isa = PBXBuildFile; fileRef = 9178244D29AC703600CA7E87 /* ContentView.swift */; };
		9178245029AC703800CA7E87 /* Assets.xcassets in Resources */ = {isa = PBXBuildFile; fileRef = 9178244F29AC703800CA7E87 /* Assets.xcassets */; };
		9178245329AC703800CA7E87 /* Preview Assets.xcassets in Resources */ = {isa = PBXBuildFile; fileRef = 9178245229AC703800CA7E87 /* Preview Assets.xcassets */; };
		9178245529AC703800CA7E87 /* Persistence.swift in Sources */ = {isa = PBXBuildFile; fileRef = 9178245429AC703800CA7E87 /* Persistence.swift */; };
		9178245829AC703800CA7E87 /* Fundy_2_0.xcdatamodeld in Sources */ = {isa = PBXBuildFile; fileRef = 9178245629AC703800CA7E87 /* Fundy_2_0.xcdatamodeld */; };
		9178246229AC703800CA7E87 /* Fundy_2_0Tests.swift in Sources */ = {isa = PBXBuildFile; fileRef = 9178246129AC703800CA7E87 /* Fundy_2_0Tests.swift */; };
		9178246C29AC703800CA7E87 /* Fundy_2_0UITests.swift in Sources */ = {isa = PBXBuildFile; fileRef = 9178246B29AC703800CA7E87 /* Fundy_2_0UITests.swift */; };
		9178246E29AC703800CA7E87 /* Fundy_2_0UITestsLaunchTests.swift in Sources */ = {isa = PBXBuildFile; fileRef = 9178246D29AC703800CA7E87 /* Fundy_2_0UITestsLaunchTests.swift */; };
/* End PBXBuildFile section */

/* Begin PBXContainerItemProxy section */
		9178245E29AC703800CA7E87 /* PBXContainerItemProxy */ = {
			isa = PBXContainerItemProxy;
			containerPortal = 9178244029AC703600CA7E87 /* Project object */;
			proxyType = 1;
			remoteGlobalIDString = 9178244729AC703600CA7E87;
			remoteInfo = "Fundy 2.0";
		};
		9178246829AC703800CA7E87 /* PBXContainerItemProxy */ = {
			isa = PBXContainerItemProxy;
			containerPortal = 9178244029AC703600CA7E87 /* Project object */;
			proxyType = 1;
			remoteGlobalIDString = 9178244729AC703600CA7E87;
			remoteInfo = "Fundy 2.0";
		};
/* End PBXContainerItemProxy section */

/* Begin PBXFileReference section */
		9178244829AC703600CA7E87 /* Fundy 2.0.app */ = {isa = PBXFileReference; explicitFileType = wrapper.application; includeInIndex = 0; path = "Fundy 2.0.app"; sourceTree = BUILT_PRODUCTS_DIR; };
		9178244B29AC703600CA7E87 /* Fundy_2_0App.swift */ = {isa = PBXFileReference; lastKnownFileType = sourcecode.swift; path = Fundy_2_0App.swift; sourceTree = "<group>"; };
		9178244D29AC703600CA7E87 /* ContentView.swift */ = {isa = PBXFileReference; lastKnownFileType = sourcecode.swift; path = ContentView.swift; sourceTree = "<group>"; };
		9178244F29AC703800CA7E87 /* Assets.xcassets */ = {isa = PBXFileReference; lastKnownFileType = folder.assetcatalog; path = Assets.xcassets; sourceTree = "<group>"; };
		9178245229AC703800CA7E87 /* Preview Assets.xcassets */ = {isa = PBXFileReference; lastKnownFileType = folder.assetcatalog; path = "Preview Assets.xcassets"; sourceTree = "<group>"; };
		9178245429AC703800CA7E87 /* Persistence.swift */ = {isa = PBXFileReference; lastKnownFileType = sourcecode.swift; path = Persistence.swift; sourceTree = "<group>"; };
		9178245729AC703800CA7E87 /* Fundy_2_0.xcdatamodel */ = {isa = PBXFileReference; lastKnownFileType = wrapper.xcdatamodel; path = Fundy_2_0.xcdatamodel; sourceTree = "<group>"; };
		9178245D29AC703800CA7E87 /* Fundy 2.0Tests.xctest */ = {isa = PBXFileReference; explicitFileType = wrapper.cfbundle; includeInIndex = 0; path = "Fundy 2.0Tests.xctest"; sourceTree = BUILT_PRODUCTS_DIR; };
		9178246129AC703800CA7E87 /* Fundy_2_0Tests.swift */ = {isa = PBXFileReference; lastKnownFileType = sourcecode.swift; path = Fundy_2_0Tests.swift; sourceTree = "<group>"; };
		9178246729AC703800CA7E87 /* Fundy 2.0UITests.xctest */ = {isa = PBXFileReference; explicitFileType = wrapper.cfbundle; includeInIndex = 0; path = "Fundy 2.0UITests.xctest"; sourceTree = BUILT_PRODUCTS_DIR; };
		9178246B29AC703800CA7E87 /* Fundy_2_0UITests.swift */ = {isa = PBXFileReference; lastKnownFileType = sourcecode.swift; path = Fundy_2_0UITests.swift; sourceTree = "<group>"; };
		9178246D29AC703800CA7E87 /* Fundy_2_0UITestsLaunchTests.swift */ = {isa = PBXFileReference; lastKnownFileType = sourcecode.swift; path = Fundy_2_0UITestsLaunchTests.swift; sourceTree = "<group>"; };
/* End PBXFileReference section */

/* Begin PBXFrameworksBuildPhase section */
		9178244529AC703600CA7E87 /* Frameworks */ = {
			isa = PBXFrameworksBuildPhase;
			buildActionMask = 2147483647;
			files = (
			);
			runOnlyForDeploymentPostprocessing = 0;
		};
		9178245A29AC703800CA7E87 /* Frameworks */ = {
			isa = PBXFrameworksBuildPhase;
			buildActionMask = 2147483647;
			files = (
			);
			runOnlyForDeploymentPostprocessing = 0;
		};
		9178246429AC703800CA7E87 /* Frameworks */ = {
			isa = PBXFrameworksBuildPhase;
			buildActionMask = 2147483647;
			files = (
			);
			runOnlyForDeploymentPostprocessing = 0;
		};
/* End PBXFrameworksBuildPhase section */

/* Begin PBXGroup section */
		9178243F29AC703600CA7E87 = {
			isa = PBXGroup;
			children = (
				9178244A29AC703600CA7E87 /* Fundy 2.0 */,
				9178246029AC703800CA7E87 /* Fundy 2.0Tests */,
				9178246A29AC703800CA7E87 /* Fundy 2.0UITests */,
				9178244929AC703600CA7E87 /* Products */,
			);
			sourceTree = "<group>";
		};
		9178244929AC703600CA7E87 /* Products */ = {
			isa = PBXGroup;
			children = (
				9178244829AC703600CA7E87 /* Fundy 2.0.app */,
				9178245D29AC703800CA7E87 /* Fundy 2.0Tests.xctest */,
				9178246729AC703800CA7E87 /* Fundy 2.0UITests.xctest */,
			);
			name = Products;
			sourceTree = "<group>";
		};
		9178244A29AC703600CA7E87 /* Fundy 2.0 */ = {
			isa = PBXGroup;
			children = (
				9178244B29AC703600CA7E87 /* Fundy_2_0App.swift */,
				9178244D29AC703600CA7E87 /* ContentView.swift */,
				9178244F29AC703800CA7E87 /* Assets.xcassets */,
				9178245429AC703800CA7E87 /* Persistence.swift */,
				9178245629AC703800CA7E87 /* Fundy_2_0.xcdatamodeld */,
				9178245129AC703800CA7E87 /* Preview Content */,
			);
			path = "Fundy 2.0";
			sourceTree = "<group>";
		};
		9178245129AC703800CA7E87 /* Preview Content */ = {
			isa = PBXGroup;
			children = (
				9178245229AC703800CA7E87 /* Preview Assets.xcassets */,
			);
			path = "Preview Content";
			sourceTree = "<group>";
		};
		9178246029AC703800CA7E87 /* Fundy 2.0Tests */ = {
			isa = PBXGroup;
			children = (
				9178246129AC703800CA7E87 /* Fundy_2_0Tests.swift */,
			);
			path = "Fundy 2.0Tests";
			sourceTree = "<group>";
		};
		9178246A29AC703800CA7E87 /* Fundy 2.0UITests */ = {
			isa = PBXGroup;
			children = (
				9178246B29AC703800CA7E87 /* Fundy_2_0UITests.swift */,
				9178246D29AC703800CA7E87 /* Fundy_2_0UITestsLaunchTests.swift */,
			);
			path = "Fundy 2.0UITests";
			sourceTree = "<group>";
		};
/* End PBXGroup section */

/* Begin PBXNativeTarget section */
		9178244729AC703600CA7E87 /* Fundy 2.0 */ = {
			isa = PBXNativeTarget;
			buildConfigurationList = 9178247129AC703800CA7E87 /* Build configuration list for PBXNativeTarget "Fundy 2.0" */;
			buildPhases = (
				9178244429AC703600CA7E87 /* Sources */,
				9178244529AC703600CA7E87 /* Frameworks */,
				9178244629AC703600CA7E87 /* Resources */,
			);
			buildRules = (
			);
			dependencies = (
			);
			name = "Fundy 2.0";
			productName = "Fundy 2.0";
			productReference = 9178244829AC703600CA7E87 /* Fundy 2.0.app */;
			productType = "com.apple.product-type.application";
		};
		9178245C29AC703800CA7E87 /* Fundy 2.0Tests */ = {
			isa = PBXNativeTarget;
			buildConfigurationList = 9178247429AC703800CA7E87 /* Build configuration list for PBXNativeTarget "Fundy 2.0Tests" */;
			buildPhases = (
				9178245929AC703800CA7E87 /* Sources */,
				9178245A29AC703800CA7E87 /* Frameworks */,
				9178245B29AC703800CA7E87 /* Resources */,
			);
			buildRules = (
			);
			dependencies = (
				9178245F29AC703800CA7E87 /* PBXTargetDependency */,
			);
			name = "Fundy 2.0Tests";
			productName = "Fundy 2.0Tests";
			productReference = 9178245D29AC703800CA7E87 /* Fundy 2.0Tests.xctest */;
			productType = "com.apple.product-type.bundle.unit-test";
		};
		9178246629AC703800CA7E87 /* Fundy 2.0UITests */ = {
			isa = PBXNativeTarget;
			buildConfigurationList = 9178247729AC703800CA7E87 /* Build configuration list for PBXNativeTarget "Fundy 2.0UITests" */;
			buildPhases = (
				9178246329AC703800CA7E87 /* Sources */,
				9178246429AC703800CA7E87 /* Frameworks */,
				9178246529AC703800CA7E87 /* Resources */,
			);
			buildRules = (
			);
			dependencies = (
				9178246929AC703800CA7E87 /* PBXTargetDependency */,
			);
			name = "Fundy 2.0UITests";
			productName = "Fundy 2.0UITests";
			productReference = 9178246729AC703800CA7E87 /* Fundy 2.0UITests.xctest */;
			productType = "com.apple.product-type.bundle.ui-testing";
		};
/* End PBXNativeTarget section */

/* Begin PBXProject section */
		9178244029AC703600CA7E87 /* Project object */ = {
			isa = PBXProject;
			attributes = {
				BuildIndependentTargetsInParallel = 1;
				LastSwiftUpdateCheck = 1420;
				LastUpgradeCheck = 1420;
				TargetAttributes = {
					9178244729AC703600CA7E87 = {
						CreatedOnToolsVersion = 14.2;
					};
					9178245C29AC703800CA7E87 = {
						CreatedOnToolsVersion = 14.2;
						TestTargetID = 9178244729AC703600CA7E87;
					};
					9178246629AC703800CA7E87 = {
						CreatedOnToolsVersion = 14.2;
						TestTargetID = 9178244729AC703600CA7E87;
					};
				};
			};
			buildConfigurationList = 9178244329AC703600CA7E87 /* Build configuration list for PBXProject "Fundy 2.0" */;
			compatibilityVersion = "Xcode 14.0";
			developmentRegion = en;
			hasScannedForEncodings = 0;
			knownRegions = (
				en,
				Base,
			);
			mainGroup = 9178243F29AC703600CA7E87;
			productRefGroup = 9178244929AC703600CA7E87 /* Products */;
			projectDirPath = "";
			projectRoot = "";
			targets = (
				9178244729AC703600CA7E87 /* Fundy 2.0 */,
				9178245C29AC703800CA7E87 /* Fundy 2.0Tests */,
				9178246629AC703800CA7E87 /* Fundy 2.0UITests */,
			);
		};
/* End PBXProject section */

/* Begin PBXResourcesBuildPhase section */
		9178244629AC703600CA7E87 /* Resources */ = {
			isa = PBXResourcesBuildPhase;
			buildActionMask = 2147483647;
			files = (
				9178245329AC703800CA7E87 /* Preview Assets.xcassets in Resources */,
				9178245029AC703800CA7E87 /* Assets.xcassets in Resources */,
			);
			runOnlyForDeploymentPostprocessing = 0;
		};
		9178245B29AC703800CA7E87 /* Resources */ = {
			isa = PBXResourcesBuildPhase;
			buildActionMask = 2147483647;
			files = (
			);
			runOnlyForDeploymentPostprocessing = 0;
		};
		9178246529AC703800CA7E87 /* Resources */ = {
			isa = PBXResourcesBuildPhase;
			buildActionMask = 2147483647;
			files = (
			);
			runOnlyForDeploymentPostprocessing = 0;
		};
/* End PBXResourcesBuildPhase section */

/* Begin PBXSourcesBuildPhase section */
		9178244429AC703600CA7E87 /* Sources */ = {
			isa = PBXSourcesBuildPhase;
			buildActionMask = 2147483647;
			files = (
				9178245829AC703800CA7E87 /* Fundy_2_0.xcdatamodeld in Sources */,
				9178245529AC703800CA7E87 /* Persistence.swift in Sources */,
				9178244E29AC703600CA7E87 /* ContentView.swift in Sources */,
				9178244C29AC703600CA7E87 /* Fundy_2_0App.swift in Sources */,
			);
			runOnlyForDeploymentPostprocessing = 0;
		};
		9178245929AC703800CA7E87 /* Sources */ = {
			isa = PBXSourcesBuildPhase;
			buildActionMask = 2147483647;
			files = (
				9178246229AC703800CA7E87 /* Fundy_2_0Tests.swift in Sources */,
			);
			runOnlyForDeploymentPostprocessing = 0;
		};
		9178246329AC703800CA7E87 /* Sources */ = {
			isa = PBXSourcesBuildPhase;
			buildActionMask = 2147483647;
			files = (
				9178246C29AC703800CA7E87 /* Fundy_2_0UITests.swift in Sources */,
				9178246E29AC703800CA7E87 /* Fundy_2_0UITestsLaunchTests.swift in Sources */,
			);
			runOnlyForDeploymentPostprocessing = 0;
		};
/* End PBXSourcesBuildPhase section */

/* Begin PBXTargetDependency section */
		9178245F29AC703800CA7E87 /* PBXTargetDependency */ = {
			isa = PBXTargetDependency;
			target = 9178244729AC703600CA7E87 /* Fundy 2.0 */;
			targetProxy = 9178245E29AC703800CA7E87 /* PBXContainerItemProxy */;
		};
		9178246929AC703800CA7E87 /* PBXTargetDependency */ = {
			isa = PBXTargetDependency;
			target = 9178244729AC703600CA7E87 /* Fundy 2.0 */;
			targetProxy = 9178246829AC703800CA7E87 /* PBXContainerItemProxy */;
		};
/* End PBXTargetDependency section */

/* Begin XCBuildConfiguration section */
		9178246F29AC703800CA7E87 /* Debug */ = {
			isa = XCBuildConfiguration;
			buildSettings = {
				ALWAYS_SEARCH_USER_PATHS = NO;
				CLANG_ANALYZER_NONNULL = YES;
				CLANG_ANALYZER_NUMBER_OBJECT_CONVERSION = YES_AGGRESSIVE;
				CLANG_CXX_LANGUAGE_STANDARD = "gnu++20";
				CLANG_ENABLE_MODULES = YES;
				CLANG_ENABLE_OBJC_ARC = YES;
				CLANG_ENABLE_OBJC_WEAK = YES;
				CLANG_WARN_BLOCK_CAPTURE_AUTORELEASING = YES;
				CLANG_WARN_BOOL_CONVERSION = YES;
				CLANG_WARN_COMMA = YES;
				CLANG_WARN_CONSTANT_CONVERSION = YES;
				CLANG_WARN_DEPRECATED_OBJC_IMPLEMENTATIONS = YES;
				CLANG_WARN_DIRECT_OBJC_ISA_USAGE = YES_ERROR;
				CLANG_WARN_DOCUMENTATION_COMMENTS = YES;
				CLANG_WARN_EMPTY_BODY = YES;
				CLANG_WARN_ENUM_CONVERSION = YES;
				CLANG_WARN_INFINITE_RECURSION = YES;
				CLANG_WARN_INT_CONVERSION = YES;
				CLANG_WARN_NON_LITERAL_NULL_CONVERSION = YES;
				CLANG_WARN_OBJC_IMPLICIT_RETAIN_SELF = YES;
				CLANG_WARN_OBJC_LITERAL_CONVERSION = YES;
				CLANG_WARN_OBJC_ROOT_CLASS = YES_ERROR;
				CLANG_WARN_QUOTED_INCLUDE_IN_FRAMEWORK_HEADER = YES;
				CLANG_WARN_RANGE_LOOP_ANALYSIS = YES;
				CLANG_WARN_STRICT_PROTOTYPES = YES;
				CLANG_WARN_SUSPICIOUS_MOVE = YES;
				CLANG_WARN_UNGUARDED_AVAILABILITY = YES_AGGRESSIVE;
				CLANG_WARN_UNREACHABLE_CODE = YES;
				CLANG_WARN__DUPLICATE_METHOD_MATCH = YES;
				COPY_PHASE_STRIP = NO;
				DEBUG_INFORMATION_FORMAT = dwarf;
				ENABLE_STRICT_OBJC_MSGSEND = YES;
				ENABLE_TESTABILITY = YES;
				GCC_C_LANGUAGE_STANDARD = gnu11;
				GCC_DYNAMIC_NO_PIC = NO;
				GCC_NO_COMMON_BLOCKS = YES;
				GCC_OPTIMIZATION_LEVEL = 0;
				GCC_PREPROCESSOR_DEFINITIONS = (
					"DEBUG=1",
					"$(inherited)",
				);
				GCC_WARN_64_TO_32_BIT_CONVERSION = YES;
				GCC_WARN_ABOUT_RETURN_TYPE = YES_ERROR;
				GCC_WARN_UNDECLARED_SELECTOR = YES;
				GCC_WARN_UNINITIALIZED_AUTOS = YES_AGGRESSIVE;
				GCC_WARN_UNUSED_FUNCTION = YES;
				GCC_WARN_UNUSED_VARIABLE = YES;
				IPHONEOS_DEPLOYMENT_TARGET = 16.2;
				MTL_ENABLE_DEBUG_INFO = INCLUDE_SOURCE;
				MTL_FAST_MATH = YES;
				ONLY_ACTIVE_ARCH = YES;
				SDKROOT = iphoneos;
				SWIFT_ACTIVE_COMPILATION_CONDITIONS = DEBUG;
				SWIFT_OPTIMIZATION_LEVEL = "-Onone";
			};
			name = Debug;
		};
		9178247029AC703800CA7E87 /* Release */ = {
			isa = XCBuildConfiguration;
			buildSettings = {
				ALWAYS_SEARCH_USER_PATHS = NO;
				CLANG_ANALYZER_NONNULL = YES;
				CLANG_ANALYZER_NUMBER_OBJECT_CONVERSION = YES_AGGRESSIVE;
				CLANG_CXX_LANGUAGE_STANDARD = "gnu++20";
				CLANG_ENABLE_MODULES = YES;
				CLANG_ENABLE_OBJC_ARC = YES;
				CLANG_ENABLE_OBJC_WEAK = YES;
				CLANG_WARN_BLOCK_CAPTURE_AUTORELEASING = YES;
				CLANG_WARN_BOOL_CONVERSION = YES;
				CLANG_WARN_COMMA = YES;
				CLANG_WARN_CONSTANT_CONVERSION = YES;
				CLANG_WARN_DEPRECATED_OBJC_IMPLEMENTATIONS = YES;
				CLANG_WARN_DIRECT_OBJC_ISA_USAGE = YES_ERROR;
				CLANG_WARN_DOCUMENTATION_COMMENTS = YES;
				CLANG_WARN_EMPTY_BODY = YES;
				CLANG_WARN_ENUM_CONVERSION = YES;
				CLANG_WARN_INFINITE_RECURSION = YES;
				CLANG_WARN_INT_CONVERSION = YES;
				CLANG_WARN_NON_LITERAL_NULL_CONVERSION = YES;
				CLANG_WARN_OBJC_IMPLICIT_RETAIN_SELF = YES;
				CLANG_WARN_OBJC_LITERAL_CONVERSION = YES;
				CLANG_WARN_OBJC_ROOT_CLASS = YES_ERROR;
				CLANG_WARN_QUOTED_INCLUDE_IN_FRAMEWORK_HEADER = YES;
				CLANG_WARN_RANGE_LOOP_ANALYSIS = YES;
				CLANG_WARN_STRICT_PROTOTYPES = YES;
				CLANG_WARN_SUSPICIOUS_MOVE = YES;
				CLANG_WARN_UNGUARDED_AVAILABILITY = YES_AGGRESSIVE;
				CLANG_WARN_UNREACHABLE_CODE = YES;
				CLANG_WARN__DUPLICATE_METHOD_MATCH = YES;
				COPY_PHASE_STRIP = NO;
				DEBUG_INFORMATION_FORMAT = "dwarf-with-dsym";
				ENABLE_NS_ASSERTIONS = NO;
				ENABLE_STRICT_OBJC_MSGSEND = YES;
				GCC_C_LANGUAGE_STANDARD = gnu11;
				GCC_NO_COMMON_BLOCKS = YES;
				GCC_WARN_64_TO_32_BIT_CONVERSION = YES;
				GCC_WARN_ABOUT_RETURN_TYPE = YES_ERROR;
				GCC_WARN_UNDECLARED_SELECTOR = YES;
				GCC_WARN_UNINITIALIZED_AUTOS = YES_AGGRESSIVE;
				GCC_WARN_UNUSED_FUNCTION = YES;
				GCC_WARN_UNUSED_VARIABLE = YES;
				IPHONEOS_DEPLOYMENT_TARGET = 16.2;
				MTL_ENABLE_DEBUG_INFO = NO;
				MTL_FAST_MATH = YES;
				SDKROOT = iphoneos;
				SWIFT_COMPILATION_MODE = wholemodule;
				SWIFT_OPTIMIZATION_LEVEL = "-O";
				VALIDATE_PRODUCT = YES;
			};
			name = Release;
		};
		9178247229AC703800CA7E87 /* Debug */ = {
			isa = XCBuildConfiguration;
			buildSettings = {
				ASSETCATALOG_COMPILER_APPICON_NAME = AppIcon;
				ASSETCATALOG_COMPILER_GLOBAL_ACCENT_COLOR_NAME = AccentColor;
				CODE_SIGN_STYLE = Automatic;
				CURRENT_PROJECT_VERSION = 1;
				DEVELOPMENT_ASSET_PATHS = "\"Fundy 2.0/Preview Content\"";
				DEVELOPMENT_TEAM = VG3VPTDUH4;
				ENABLE_PREVIEWS = YES;
				GENERATE_INFOPLIST_FILE = YES;
				INFOPLIST_KEY_UIApplicationSceneManifest_Generation = YES;
				INFOPLIST_KEY_UIApplicationSupportsIndirectInputEvents = YES;
				INFOPLIST_KEY_UILaunchScreen_Generation = YES;
				INFOPLIST_KEY_UISupportedInterfaceOrientations_iPad = "UIInterfaceOrientationPortrait UIInterfaceOrientationPortraitUpsideDown UIInterfaceOrientationLandscapeLeft UIInterfaceOrientationLandscapeRight";
				INFOPLIST_KEY_UISupportedInterfaceOrientations_iPhone = "UIInterfaceOrientationPortrait UIInterfaceOrientationLandscapeLeft UIInterfaceOrientationLandscapeRight";
				LD_RUNPATH_SEARCH_PATHS = (
					"$(inherited)",
					"@executable_path/Frameworks",
				);
				MARKETING_VERSION = 1.0;
				PRODUCT_BUNDLE_IDENTIFIER = "test.Fundy-2-0";
				PRODUCT_NAME = "$(TARGET_NAME)";
				SWIFT_EMIT_LOC_STRINGS = YES;
				SWIFT_VERSION = 5.0;
				TARGETED_DEVICE_FAMILY = "1,2";
			};
			name = Debug;
		};
		9178247329AC703800CA7E87 /* Release */ = {
			isa = XCBuildConfiguration;
			buildSettings = {
				ASSETCATALOG_COMPILER_APPICON_NAME = AppIcon;
				ASSETCATALOG_COMPILER_GLOBAL_ACCENT_COLOR_NAME = AccentColor;
				CODE_SIGN_STYLE = Automatic;
				CURRENT_PROJECT_VERSION = 1;
				DEVELOPMENT_ASSET_PATHS = "\"Fundy 2.0/Preview Content\"";
				DEVELOPMENT_TEAM = VG3VPTDUH4;
				ENABLE_PREVIEWS = YES;
				GENERATE_INFOPLIST_FILE = YES;
				INFOPLIST_KEY_UIApplicationSceneManifest_Generation = YES;
				INFOPLIST_KEY_UIApplicationSupportsIndirectInputEvents = YES;
				INFOPLIST_KEY_UILaunchScreen_Generation = YES;
				INFOPLIST_KEY_UISupportedInterfaceOrientations_iPad = "UIInterfaceOrientationPortrait UIInterfaceOrientationPortraitUpsideDown UIInterfaceOrientationLandscapeLeft UIInterfaceOrientationLandscapeRight";
				INFOPLIST_KEY_UISupportedInterfaceOrientations_iPhone = "UIInterfaceOrientationPortrait UIInterfaceOrientationLandscapeLeft UIInterfaceOrientationLandscapeRight";
				LD_RUNPATH_SEARCH_PATHS = (
					"$(inherited)",
					"@executable_path/Frameworks",
				);
				MARKETING_VERSION = 1.0;
				PRODUCT_BUNDLE_IDENTIFIER = "test.Fundy-2-0";
				PRODUCT_NAME = "$(TARGET_NAME)";
				SWIFT_EMIT_LOC_STRINGS = YES;
				SWIFT_VERSION = 5.0;
				TARGETED_DEVICE_FAMILY = "1,2";
			};
			name = Release;
		};
		9178247529AC703800CA7E87 /* Debug */ = {
			isa = XCBuildConfiguration;
			buildSettings = {
				ALWAYS_EMBED_SWIFT_STANDARD_LIBRARIES = YES;
				BUNDLE_LOADER = "$(TEST_HOST)";
				CODE_SIGN_STYLE = Automatic;
				CURRENT_PROJECT_VERSION = 1;
				DEVELOPMENT_TEAM = VG3VPTDUH4;
				GENERATE_INFOPLIST_FILE = YES;
				IPHONEOS_DEPLOYMENT_TARGET = 16.2;
				MARKETING_VERSION = 1.0;
				PRODUCT_BUNDLE_IDENTIFIER = "test.Fundy-2-0Tests";
				PRODUCT_NAME = "$(TARGET_NAME)";
				SWIFT_EMIT_LOC_STRINGS = NO;
				SWIFT_VERSION = 5.0;
				TARGETED_DEVICE_FAMILY = "1,2";
				TEST_HOST = "$(BUILT_PRODUCTS_DIR)/Fundy 2.0.app/$(BUNDLE_EXECUTABLE_FOLDER_PATH)/Fundy 2.0";
			};
			name = Debug;
		};
		9178247629AC703800CA7E87 /* Release */ = {
			isa = XCBuildConfiguration;
			buildSettings = {
				ALWAYS_EMBED_SWIFT_STANDARD_LIBRARIES = YES;
				BUNDLE_LOADER = "$(TEST_HOST)";
				CODE_SIGN_STYLE = Automatic;
				CURRENT_PROJECT_VERSION = 1;
				DEVELOPMENT_TEAM = VG3VPTDUH4;
				GENERATE_INFOPLIST_FILE = YES;
				IPHONEOS_DEPLOYMENT_TARGET = 16.2;
				MARKETING_VERSION = 1.0;
				PRODUCT_BUNDLE_IDENTIFIER = "test.Fundy-2-0Tests";
				PRODUCT_NAME = "$(TARGET_NAME)";
				SWIFT_EMIT_LOC_STRINGS = NO;
				SWIFT_VERSION = 5.0;
				TARGETED_DEVICE_FAMILY = "1,2";
				TEST_HOST = "$(BUILT_PRODUCTS_DIR)/Fundy 2.0.app/$(BUNDLE_EXECUTABLE_FOLDER_PATH)/Fundy 2.0";
			};
			name = Release;
		};
		9178247829AC703800CA7E87 /* Debug */ = {
			isa = XCBuildConfiguration;
			buildSettings = {
				ALWAYS_EMBED_SWIFT_STANDARD_LIBRARIES = YES;
				CODE_SIGN_STYLE = Automatic;
				CURRENT_PROJECT_VERSION = 1;
				DEVELOPMENT_TEAM = VG3VPTDUH4;
				GENERATE_INFOPLIST_FILE = YES;
				MARKETING_VERSION = 1.0;
				PRODUCT_BUNDLE_IDENTIFIER = "test.Fundy-2-0UITests";
				PRODUCT_NAME = "$(TARGET_NAME)";
				SWIFT_EMIT_LOC_STRINGS = NO;
				SWIFT_VERSION = 5.0;
				TARGETED_DEVICE_FAMILY = "1,2";
				TEST_TARGET_NAME = "Fundy 2.0";
			};
			name = Debug;
		};
		9178247929AC703800CA7E87 /* Release */ = {
			isa = XCBuildConfiguration;
			buildSettings = {
				ALWAYS_EMBED_SWIFT_STANDARD_LIBRARIES = YES;
				CODE_SIGN_STYLE = Automatic;
				CURRENT_PROJECT_VERSION = 1;
				DEVELOPMENT_TEAM = VG3VPTDUH4;
				GENERATE_INFOPLIST_FILE = YES;
				MARKETING_VERSION = 1.0;
				PRODUCT_BUNDLE_IDENTIFIER = "test.Fundy-2-0UITests";
				PRODUCT_NAME = "$(TARGET_NAME)";
				SWIFT_EMIT_LOC_STRINGS = NO;
				SWIFT_VERSION = 5.0;
				TARGETED_DEVICE_FAMILY = "1,2";
				TEST_TARGET_NAME = "Fundy 2.0";
			};
			name = Release;
		};
/* End XCBuildConfiguration section */

/* Begin XCConfigurationList section */
		9178244329AC703600CA7E87 /* Build configuration list for PBXProject "Fundy 2.0" */ = {
			isa = XCConfigurationList;
			buildConfigurations = (
				9178246F29AC703800CA7E87 /* Debug */,
				9178247029AC703800CA7E87 /* Release */,
			);
			defaultConfigurationIsVisible = 0;
			defaultConfigurationName = Release;
		};
		9178247129AC703800CA7E87 /* Build configuration list for PBXNativeTarget "Fundy 2.0" */ = {
			isa = XCConfigurationList;
			buildConfigurations = (
				9178247229AC703800CA7E87 /* Debug */,
				9178247329AC703800CA7E87 /* Release */,
			);
			defaultConfigurationIsVisible = 0;
			defaultConfigurationName = Release;
		};
		9178247429AC703800CA7E87 /* Build configuration list for PBXNativeTarget "Fundy 2.0Tests" */ = {
			isa = XCConfigurationList;
			buildConfigurations = (
				9178247529AC703800CA7E87 /* Debug */,
				9178247629AC703800CA7E87 /* Release */,
			);
			defaultConfigurationIsVisible = 0;
			defaultConfigurationName = Release;
		};
		9178247729AC703800CA7E87 /* Build configuration list for PBXNativeTarget "Fundy 2.0UITests" */ = {
			isa = XCConfigurationList;
			buildConfigurations = (
				9178247829AC703800CA7E87 /* Debug */,
				9178247929AC703800CA7E87 /* Release */,
			);
			defaultConfigurationIsVisible = 0;
			defaultConfigurationName = Release;
		};
/* End XCConfigurationList section */

/* Begin XCVersionGroup section */
		9178245629AC703800CA7E87 /* Fundy_2_0.xcdatamodeld */ = {
			isa = XCVersionGroup;
			children = (
				9178245729AC703800CA7E87 /* Fundy_2_0.xcdatamodel */,
			);
			currentVersion = 9178245729AC703800CA7E87 /* Fundy_2_0.xcdatamodel */;
			path = Fundy_2_0.xcdatamodeld;
			sourceTree = "<group>";
			versionGroupType = wrapper.xcdatamodel;
		};
/* End XCVersionGroup section */
	};
	rootObject = 9178244029AC703600CA7E87 /* Project object */;
}
